<?xml version="1.0" encoding="utf-8"?>
<Project ToolsVersion="4.0" xmlns="http://schemas.microsoft.com/developer/msbuild/2003">
  <ItemGroup>
    <ClCompile Include="program\BlockBreakEffect.cpp" />
    <ClCompile Include="program\CoinEffect.cpp" />
    <ClCompile Include="program\EffectManager.cpp" />
    <ClCompile Include="program\Ending.cpp" />
    <ClCompile Include="program\EnemyDefeatedEffect.cpp" />
    <ClCompile Include="program\EnemySpawner.cpp" />
    <ClCompile Include="program\Fireball.cpp" />
    <ClCompile Include="program\FireballEffect.cpp" />
    <ClCompile Include="program\FirebarController.cpp" />
    <ClCompile Include="program\FireFlower.cpp" />
    <ClCompile Include="program\Float2.cpp" />
    <ClCompile Include="program\Gameover.cpp" />
    <ClCompile Include="program\Goal.cpp" />
    <ClCompile Include="program\GoombaController.cpp" />
    <ClCompile Include="program\ImageManager.cpp" />
    <ClCompile Include="program\Item.cpp" />
    <ClCompile Include="program\KoopaTroopaController.cpp" />
    <ClCompile Include="program\ObjectManager.cpp" />
    <ClCompile Include="program\Player.cpp" />
    <ClCompile Include="program\PlayerData.cpp" />
    <ClCompile Include="program\PreStage.cpp" />
    <ClCompile Include="program\Random.cpp" />
    <ClCompile Include="program\SceneManager.cpp" />
    <ClCompile Include="program\Hit.cpp" />
    <ClCompile Include="program\Main.cpp" />
    <ClCompile Include="program\Clear.cpp" />
    <ClCompile Include="program\ScoreEffect.cpp" />
    <ClCompile Include="program\SoundManager.cpp" />
    <ClCompile Include="program\Stage.cpp" />
    <ClCompile Include="program\Mashroom.cpp" />
    <ClCompile Include="program\Star.cpp" />
    <ClCompile Include="program\TileManager.cpp" />
    <ClCompile Include="program\Title.cpp" />
    <ClCompile Include="program\Ui.cpp" />
  </ItemGroup>
  <ItemGroup>
    <ClInclude Include="program\BlockBreakEffect.h" />
    <ClInclude Include="program\CoinEffect.h" />
    <ClInclude Include="program\Effect.h" />
    <ClInclude Include="program\EffectManager.h" />
    <ClInclude Include="program\Ending.h" />
    <ClInclude Include="program\Enemy.h" />
    <ClInclude Include="program\EnemyDefeatedEffect.h" />
    <ClInclude Include="program\EnemySpawner.h" />
    <ClInclude Include="program\Fireball.h" />
    <ClInclude Include="program\FireballEffect.h" />
    <ClInclude Include="program\FirebarController.h" />
    <ClInclude Include="program\FireFlower.h" />
    <ClInclude Include="program\Float2.h" />
    <ClInclude Include="program\Gameover.h" />
    <ClInclude Include="program\Goal.h" />
    <ClInclude Include="program\GoombaController.h" />
    <ClInclude Include="program\ImageManager.h" />
    <ClInclude Include="program\Item.h" />
    <ClInclude Include="program\KoopaTroopaController.h" />
    <ClInclude Include="program\Object.h" />
    <ClInclude Include="program\ObjectManager.h" />
    <ClInclude Include="program\Player.h" />
    <ClInclude Include="program\PlayerData.h" />
    <ClInclude Include="program\PreStage.h" />
    <ClInclude Include="program\Random.h" />
    <ClInclude Include="program\Scene.h" />
    <ClInclude Include="program\SceneManager.h" />
    <ClInclude Include="program\Hit.h" />
    <ClInclude Include="program\Main.h" />
    <ClInclude Include="program\Clear.h" />
    <ClInclude Include="program\ScoreEffect.h" />
    <ClInclude Include="program\SoundManager.h" />
    <ClInclude Include="program\Stage.h" />
    <ClInclude Include="program\Mashroom.h" />
    <ClInclude Include="program\Star.h" />
    <ClInclude Include="program\TileManager.h" />
    <ClInclude Include="program\Title.h" />
    <ClInclude Include="program\Ui.h" />
  </ItemGroup>
  <ItemGroup>
    <None Include="program\ItemData.inc" />
    <None Include="program\SpawnData.inc" />
    <None Include="program\StageData.inc" />
  </ItemGroup>
</Project>