<?xml version="1.0" encoding="utf-8"?>
<Project ToolsVersion="4.0" xmlns="http://schemas.microsoft.com/developer/msbuild/2003">
  <ItemGroup>
    <ClCompile Include="program\Float2.cpp">
      <Filter>System</Filter>
    </ClCompile>
    <ClCompile Include="program\Main.cpp">
      <Filter>System</Filter>
    </ClCompile>
    <ClCompile Include="program\Hit.cpp">
      <Filter>System</Filter>
    </ClCompile>
    <ClCompile Include="program\Clear.cpp">
      <Filter>Scene</Filter>
    </ClCompile>
    <ClCompile Include="program\Gameover.cpp">
      <Filter>Scene</Filter>
    </ClCompile>
    <ClCompile Include="program\SceneManager.cpp">
      <Filter>Scene</Filter>
    </ClCompile>
    <ClCompile Include="program\Title.cpp">
      <Filter>Scene</Filter>
    </ClCompile>
    <ClCompile Include="program\ObjectManager.cpp">
      <Filter>Manager</Filter>
    </ClCompile>
    <ClCompile Include="program\ImageManager.cpp">
      <Filter>Manager</Filter>
    </ClCompile>
    <ClCompile Include="program\EffectManager.cpp">
      <Filter>Manager</Filter>
    </ClCompile>
    <ClCompile Include="program\SoundManager.cpp">
      <Filter>Manager</Filter>
    </ClCompile>
    <ClCompile Include="program\TileManager.cpp">
      <Filter>Manager</Filter>
    </ClCompile>
    <ClCompile Include="program\Stage.cpp">
      <Filter>Scene</Filter>
    </ClCompile>
    <ClCompile Include="program\Ending.cpp">
      <Filter>Scene</Filter>
    </ClCompile>
    <ClCompile Include="program\Random.cpp">
      <Filter>System</Filter>
    </ClCompile>
    <ClCompile Include="program\EnemySpawner.cpp">
      <Filter>Object</Filter>
    </ClCompile>
    <ClCompile Include="program\GoombaController.cpp">
      <Filter>Object</Filter>
    </ClCompile>
    <ClCompile Include="program\Player.cpp">
      <Filter>Object</Filter>
    </ClCompile>
    <ClCompile Include="program\Fireball.cpp">
      <Filter>Object</Filter>
    </ClCompile>
  </ItemGroup>
  <ItemGroup>
    <ClInclude Include="program\Float2.h">
      <Filter>System</Filter>
    </ClInclude>
    <ClInclude Include="program\Main.h">
      <Filter>System</Filter>
    </ClInclude>
    <ClInclude Include="program\Hit.h">
      <Filter>System</Filter>
    </ClInclude>
    <ClInclude Include="program\Clear.h">
      <Filter>Scene</Filter>
    </ClInclude>
    <ClInclude Include="program\Gameover.h">
      <Filter>Scene</Filter>
    </ClInclude>
    <ClInclude Include="program\Scene.h">
      <Filter>Scene</Filter>
    </ClInclude>
    <ClInclude Include="program\SceneManager.h">
      <Filter>Scene</Filter>
    </ClInclude>
    <ClInclude Include="program\Title.h">
      <Filter>Scene</Filter>
    </ClInclude>
    <ClInclude Include="program\ObjectManager.h">
      <Filter>Manager</Filter>
    </ClInclude>
    <ClInclude Include="program\ImageManager.h">
      <Filter>Manager</Filter>
    </ClInclude>
    <ClInclude Include="program\Effect.h">
      <Filter>Manager</Filter>
    </ClInclude>
    <ClInclude Include="program\EffectManager.h">
      <Filter>Manager</Filter>
    </ClInclude>
    <ClInclude Include="program\SoundManager.h">
      <Filter>Manager</Filter>
    </ClInclude>
    <ClInclude Include="program\TileManager.h">
      <Filter>Manager</Filter>
    </ClInclude>
    <ClInclude Include="program\Stage.h">
      <Filter>Scene</Filter>
    </ClInclude>
    <ClInclude Include="program\Ending.h">
      <Filter>Scene</Filter>
    </ClInclude>
    <ClInclude Include="program\Random.h">
      <Filter>System</Filter>
    </ClInclude>
    <ClInclude Include="program\Player.h">
      <Filter>Object</Filter>
    </ClInclude>
    <ClInclude Include="program\Enemy.h">
      <Filter>Object</Filter>
    </ClInclude>
    <ClInclude Include="program\EnemySpawner.h">
      <Filter>Object</Filter>
    </ClInclude>
    <ClInclude Include="program\GoombaController.h">
      <Filter>Object</Filter>
    </ClInclude>
    <ClInclude Include="program\Item.h">
      <Filter>Object</Filter>
    </ClInclude>
    <ClInclude Include="program\Object.h">
      <Filter>Object</Filter>
    </ClInclude>
    <ClInclude Include="program\Fireball.h">
      <Filter>Object</Filter>
    </ClInclude>
  </ItemGroup>
  <ItemGroup>
    <Filter Include="System">
      <UniqueIdentifier>{ab70fa01-1b9b-48d5-9590-2d477be5266d}</UniqueIdentifier>
    </Filter>
    <Filter Include="Scene">
      <UniqueIdentifier>{f697f473-b543-4a9f-aa0f-9f978c7e0856}</UniqueIdentifier>
    </Filter>
    <Filter Include="Manager">
      <UniqueIdentifier>{3e589dc2-1df0-4236-a817-799106720015}</UniqueIdentifier>
    </Filter>
    <Filter Include="Include">
      <UniqueIdentifier>{003a1fcb-8cd7-420f-b02d-a457fc50aab4}</UniqueIdentifier>
    </Filter>
    <Filter Include="Scene\NewFilter1">
      <UniqueIdentifier>{6c2923da-06cd-44e3-b109-6f5a815d5e18}</UniqueIdentifier>
    </Filter>
    <Filter Include="Object">
      <UniqueIdentifier>{b1ef0639-438b-4034-9c36-2b6e66d0be59}</UniqueIdentifier>
    </Filter>
  </ItemGroup>
  <ItemGroup>
    <None Include="program\SpawnData.inc">
      <Filter>Include</Filter>
    </None>
  </ItemGroup>
</Project>