<?xml version="1.0" encoding="utf-8"?>
<Project ToolsVersion="4.0" xmlns="http://schemas.microsoft.com/developer/msbuild/2003">
  <ItemGroup>
    <Filter Include="program">
      <UniqueIdentifier>{0c8d419b-7fbf-46a5-9d30-f09afe1cddfa}</UniqueIdentifier>
    </Filter>
    <Filter Include="program\System">
      <UniqueIdentifier>{8c910648-1f30-427f-b297-feed842978f1}</UniqueIdentifier>
    </Filter>
    <Filter Include="program\Scenes">
      <UniqueIdentifier>{6f423d7d-4330-4f91-97a6-04610ee94875}</UniqueIdentifier>
    </Filter>
    <Filter Include="program\Managers">
      <UniqueIdentifier>{39da40ce-37dd-4919-97ef-9f07a0fb2ed0}</UniqueIdentifier>
    </Filter>
    <Filter Include="program\Controllers">
      <UniqueIdentifier>{2284cae2-e913-4ef1-9ab4-3f4327d56b11}</UniqueIdentifier>
    </Filter>
    <Filter Include="program\inc">
      <UniqueIdentifier>{76d10125-3b05-451e-964e-3aed8794e5e5}</UniqueIdentifier>
    </Filter>
  </ItemGroup>
  <ItemGroup>
    <ClCompile Include="program\Float2.cpp">
      <Filter>program\System</Filter>
    </ClCompile>
    <ClCompile Include="program\Main.cpp">
      <Filter>program\System</Filter>
    </ClCompile>
    <ClCompile Include="program\Clear.cpp">
      <Filter>program\Scenes</Filter>
    </ClCompile>
    <ClCompile Include="program\Stage.cpp">
      <Filter>program\Scenes</Filter>
    </ClCompile>
    <ClCompile Include="program\Title.cpp">
      <Filter>program\Scenes</Filter>
    </ClCompile>
    <ClCompile Include="program\Hit.cpp">
      <Filter>program\System</Filter>
    </ClCompile>
    <ClCompile Include="program\SceneManager.cpp">
      <Filter>program\Managers</Filter>
    </ClCompile>
    <ClCompile Include="program\ImageManager.cpp">
      <Filter>program\Managers</Filter>
    </ClCompile>
    <ClCompile Include="program\SoundManager.cpp">
      <Filter>program\Managers</Filter>
    </ClCompile>
    <ClCompile Include="program\Random.cpp">
      <Filter>program\System</Filter>
    </ClCompile>
    <ClCompile Include="program\EffectManager.cpp">
      <Filter>program\Managers</Filter>
    </ClCompile>
    <ClCompile Include="program\Ending.cpp">
      <Filter>program\Scenes</Filter>
    </ClCompile>
    <ClCompile Include="program\Gameover.cpp">
      <Filter>program\Scenes</Filter>
    </ClCompile>
  </ItemGroup>
  <ItemGroup>
    <ClInclude Include="program\Float2.h">
      <Filter>program\System</Filter>
    </ClInclude>
    <ClInclude Include="program\Main.h">
      <Filter>program\System</Filter>
    </ClInclude>
    <ClInclude Include="program\Title.h">
      <Filter>program\Scenes</Filter>
    </ClInclude>
    <ClInclude Include="program\Clear.h">
      <Filter>program\Scenes</Filter>
    </ClInclude>
    <ClInclude Include="program\Stage.h">
      <Filter>program\Scenes</Filter>
    </ClInclude>
    <ClInclude Include="program\Hit.h">
      <Filter>program\System</Filter>
    </ClInclude>
    <ClInclude Include="program\SceneManager.h">
      <Filter>program\Managers</Filter>
    </ClInclude>
    <ClInclude Include="program\ImageManager.h">
      <Filter>program\Managers</Filter>
    </ClInclude>
    <ClInclude Include="program\Random.h">
      <Filter>program\System</Filter>
    </ClInclude>
    <ClInclude Include="program\EffectManager.h">
      <Filter>program\Managers</Filter>
    </ClInclude>
    <ClInclude Include="program\Effect.h">
      <Filter>program\Managers</Filter>
    </ClInclude>
    <ClInclude Include="program\SoundManager.h">
      <Filter>program\Managers</Filter>
    </ClInclude>
    <ClInclude Include="program\Ending.h">
      <Filter>program\Scenes</Filter>
    </ClInclude>
    <ClInclude Include="program\Gameover.h">
      <Filter>program\Scenes</Filter>
    </ClInclude>
  </ItemGroup>
</Project>